
Microsoft Visual Studio Solution File, Format Version 11.00
# Visual Studio 2010
Project("{8BC9CEB8-8B4A-11D0-8D11-00A0C91BC942}") = "NifUtilsSuite", "NifUtilsSuite\NifUtilsSuite.vcxproj", "{E72552E1-6D79-4413-8B63-83E25BF3E87B}"
	ProjectSection(ProjectDependencies) = postProject
		{19FD8EE6-79CC-4BAC-9744-D9573BE47C7E} = {19FD8EE6-79CC-4BAC-9744-D9573BE47C7E}
	EndProjectSection
EndProject
Project("{8BC9CEB8-8B4A-11D0-8D11-00A0C91BC942}") = "niflib", "..\niflib\niflib.vcxproj", "{19FD8EE6-79CC-4BAC-9744-D9573BE47C7E}"
EndProject
Project("{8BC9CEB8-8B4A-11D0-8D11-00A0C91BC942}") = "NifUtilsSuiteLight", "NifUtilsSuite\NifUtilsSuiteLight.vcxproj", "{9974CFD6-9FB7-46B4-BA1A-53D20D5C940D}"
	ProjectSection(ProjectDependencies) = postProject
		{19FD8EE6-79CC-4BAC-9744-D9573BE47C7E} = {19FD8EE6-79CC-4BAC-9744-D9573BE47C7E}
	EndProjectSection
EndProject
Global
	GlobalSection(SolutionConfigurationPlatforms) = preSolution
		Debug - DLL|Win32 = Debug - DLL|Win32
		Debug - DLL|x64 = Debug - DLL|x64
		Debug - Static|Win32 = Debug - Static|Win32
		Debug - Static|x64 = Debug - Static|x64
		Debug|Win32 = Debug|Win32
		Debug|x64 = Debug|x64
		Release - DLL|Win32 = Release - DLL|Win32
		Release - DLL|x64 = Release - DLL|x64
		Release - Static|Win32 = Release - Static|Win32
		Release - Static|x64 = Release - Static|x64
		Release|Win32 = Release|Win32
		Release|x64 = Release|x64
	EndGlobalSection
	GlobalSection(ProjectConfigurationPlatforms) = postSolution
		{E72552E1-6D79-4413-8B63-83E25BF3E87B}.Debug - DLL|Win32.ActiveCfg = Debug|Win32
		{E72552E1-6D79-4413-8B63-83E25BF3E87B}.Debug - DLL|Win32.Build.0 = Debug|Win32
		{E72552E1-6D79-4413-8B63-83E25BF3E87B}.Debug - DLL|x64.ActiveCfg = Debug|Win32
		{E72552E1-6D79-4413-8B63-83E25BF3E87B}.Debug - Static|Win32.ActiveCfg = Debug|Win32
		{E72552E1-6D79-4413-8B63-83E25BF3E87B}.Debug - Static|Win32.Build.0 = Debug|Win32
		{E72552E1-6D79-4413-8B63-83E25BF3E87B}.Debug - Static|x64.ActiveCfg = Debug|Win32
		{E72552E1-6D79-4413-8B63-83E25BF3E87B}.Debug|Win32.ActiveCfg = Debug|Win32
		{E72552E1-6D79-4413-8B63-83E25BF3E87B}.Debug|Win32.Build.0 = Debug|Win32
		{E72552E1-6D79-4413-8B63-83E25BF3E87B}.Debug|x64.ActiveCfg = Debug|Win32
		{E72552E1-6D79-4413-8B63-83E25BF3E87B}.Release - DLL|Win32.ActiveCfg = Release|Win32
		{E72552E1-6D79-4413-8B63-83E25BF3E87B}.Release - DLL|Win32.Build.0 = Release|Win32
		{E72552E1-6D79-4413-8B63-83E25BF3E87B}.Release - DLL|x64.ActiveCfg = Release|Win32
		{E72552E1-6D79-4413-8B63-83E25BF3E87B}.Release - Static|Win32.ActiveCfg = Release|Win32
		{E72552E1-6D79-4413-8B63-83E25BF3E87B}.Release - Static|Win32.Build.0 = Release|Win32
		{E72552E1-6D79-4413-8B63-83E25BF3E87B}.Release - Static|x64.ActiveCfg = Release|Win32
		{E72552E1-6D79-4413-8B63-83E25BF3E87B}.Release|Win32.ActiveCfg = Release|Win32
		{E72552E1-6D79-4413-8B63-83E25BF3E87B}.Release|Win32.Build.0 = Release|Win32
		{E72552E1-6D79-4413-8B63-83E25BF3E87B}.Release|x64.ActiveCfg = Release|Win32
		{19FD8EE6-79CC-4BAC-9744-D9573BE47C7E}.Debug - DLL|Win32.ActiveCfg = Debug - DLL|Win32
		{19FD8EE6-79CC-4BAC-9744-D9573BE47C7E}.Debug - DLL|Win32.Build.0 = Debug - DLL|Win32
		{19FD8EE6-79CC-4BAC-9744-D9573BE47C7E}.Debug - DLL|x64.ActiveCfg = Debug - DLL|x64
		{19FD8EE6-79CC-4BAC-9744-D9573BE47C7E}.Debug - DLL|x64.Build.0 = Debug - DLL|x64
		{19FD8EE6-79CC-4BAC-9744-D9573BE47C7E}.Debug - Static|Win32.ActiveCfg = Debug - Static|Win32
		{19FD8EE6-79CC-4BAC-9744-D9573BE47C7E}.Debug - Static|Win32.Build.0 = Debug - Static|Win32
		{19FD8EE6-79CC-4BAC-9744-D9573BE47C7E}.Debug - Static|x64.ActiveCfg = Debug - Static|x64
		{19FD8EE6-79CC-4BAC-9744-D9573BE47C7E}.Debug - Static|x64.Build.0 = Debug - Static|x64
		{19FD8EE6-79CC-4BAC-9744-D9573BE47C7E}.Debug|Win32.ActiveCfg = Release - Static|Win32
		{19FD8EE6-79CC-4BAC-9744-D9573BE47C7E}.Debug|Win32.Build.0 = Release - Static|Win32
		{19FD8EE6-79CC-4BAC-9744-D9573BE47C7E}.Debug|x64.ActiveCfg = Debug - Static|x64
		{19FD8EE6-79CC-4BAC-9744-D9573BE47C7E}.Debug|x64.Build.0 = Debug - Static|x64
		{19FD8EE6-79CC-4BAC-9744-D9573BE47C7E}.Release - DLL|Win32.ActiveCfg = Release - DLL|Win32
		{19FD8EE6-79CC-4BAC-9744-D9573BE47C7E}.Release - DLL|Win32.Build.0 = Release - DLL|Win32
		{19FD8EE6-79CC-4BAC-9744-D9573BE47C7E}.Release - DLL|x64.ActiveCfg = Release - DLL|x64
		{19FD8EE6-79CC-4BAC-9744-D9573BE47C7E}.Release - DLL|x64.Build.0 = Release - DLL|x64
		{19FD8EE6-79CC-4BAC-9744-D9573BE47C7E}.Release - Static|Win32.ActiveCfg = Release - Static|Win32
		{19FD8EE6-79CC-4BAC-9744-D9573BE47C7E}.Release - Static|Win32.Build.0 = Release - Static|Win32
		{19FD8EE6-79CC-4BAC-9744-D9573BE47C7E}.Release - Static|x64.ActiveCfg = Release - Static|x64
		{19FD8EE6-79CC-4BAC-9744-D9573BE47C7E}.Release - Static|x64.Build.0 = Release - Static|x64
		{19FD8EE6-79CC-4BAC-9744-D9573BE47C7E}.Release|Win32.ActiveCfg = Release - Static|Win32
		{19FD8EE6-79CC-4BAC-9744-D9573BE47C7E}.Release|Win32.Build.0 = Release - Static|Win32
		{19FD8EE6-79CC-4BAC-9744-D9573BE47C7E}.Release|x64.ActiveCfg = Release - Static|x64
		{19FD8EE6-79CC-4BAC-9744-D9573BE47C7E}.Release|x64.Build.0 = Release - Static|x64
		{9974CFD6-9FB7-46B4-BA1A-53D20D5C940D}.Debug - DLL|Win32.ActiveCfg = Debug|Win32
		{9974CFD6-9FB7-46B4-BA1A-53D20D5C940D}.Debug - DLL|Win32.Build.0 = Debug|Win32
		{9974CFD6-9FB7-46B4-BA1A-53D20D5C940D}.Debug - DLL|x64.ActiveCfg = Debug|Win32
		{9974CFD6-9FB7-46B4-BA1A-53D20D5C940D}.Debug - Static|Win32.ActiveCfg = Debug|Win32
		{9974CFD6-9FB7-46B4-BA1A-53D20D5C940D}.Debug - Static|Win32.Build.0 = Debug|Win32
		{9974CFD6-9FB7-46B4-BA1A-53D20D5C940D}.Debug - Static|x64.ActiveCfg = Debug|Win32
		{9974CFD6-9FB7-46B4-BA1A-53D20D5C940D}.Debug|Win32.ActiveCfg = Debug|Win32
		{9974CFD6-9FB7-46B4-BA1A-53D20D5C940D}.Debug|x64.ActiveCfg = Debug|Win32
		{9974CFD6-9FB7-46B4-BA1A-53D20D5C940D}.Release - DLL|Win32.ActiveCfg = Release|Win32
		{9974CFD6-9FB7-46B4-BA1A-53D20D5C940D}.Release - DLL|Win32.Build.0 = Release|Win32
		{9974CFD6-9FB7-46B4-BA1A-53D20D5C940D}.Release - DLL|x64.ActiveCfg = Release|Win32
		{9974CFD6-9FB7-46B4-BA1A-53D20D5C940D}.Release - Static|Win32.ActiveCfg = Release|Win32
		{9974CFD6-9FB7-46B4-BA1A-53D20D5C940D}.Release - Static|Win32.Build.0 = Release|Win32
		{9974CFD6-9FB7-46B4-BA1A-53D20D5C940D}.Release - Static|x64.ActiveCfg = Release|Win32
		{9974CFD6-9FB7-46B4-BA1A-53D20D5C940D}.Release|Win32.ActiveCfg = Release|Win32
		{9974CFD6-9FB7-46B4-BA1A-53D20D5C940D}.Release|Win32.Build.0 = Release|Win32
		{9974CFD6-9FB7-46B4-BA1A-53D20D5C940D}.Release|x64.ActiveCfg = Release|Win32
	EndGlobalSection
	GlobalSection(SolutionProperties) = preSolution
		HideSolutionNode = FALSE
	EndGlobalSection
EndGlobal
